// !$*UTF8*$!
{
	archiveVersion = 1;
	classes = {
	};
	objectVersion = 56;
	objects = {

/* Begin PBXBuildFile section */
		CE1B6C8A2D2F08BF000A1BA7 /* Constants.swift in Sources */ = {isa = PBXBuildFile; fileRef = CE1B6C892D2F08BF000A1BA7 /* Constants.swift */; };
		CE1B6C8C2D2F0902000A1BA7 /* UIBlockingProgressHUD.swift in Sources */ = {isa = PBXBuildFile; fileRef = CE1B6C8B2D2F0902000A1BA7 /* UIBlockingProgressHUD.swift */; };
		CE1B6C8E2D2F0D15000A1BA7 /* ProfileService.swift in Sources */ = {isa = PBXBuildFile; fileRef = CE1B6C8D2D2F0D15000A1BA7 /* ProfileService.swift */; };
		CE1B6C902D2FFF64000A1BA7 /* ProfileImageService.swift in Sources */ = {isa = PBXBuildFile; fileRef = CE1B6C8F2D2FFF64000A1BA7 /* ProfileImageService.swift */; };
		CE229EAF2CF208FA00333100 /* ImagesListCell.swift in Sources */ = {isa = PBXBuildFile; fileRef = CE229EAE2CF208FA00333100 /* ImagesListCell.swift */; };
		CE381CBB2D034AB800E222EE /* ProfileViewController.swift in Sources */ = {isa = PBXBuildFile; fileRef = CE381CBA2D034AB800E222EE /* ProfileViewController.swift */; };
		CE65C1192CF2A25D009C8669 /* Main.storyboard in Resources */ = {isa = PBXBuildFile; fileRef = CE8EE4092CEF891600288074 /* Main.storyboard */; };
		CE812ABA2D086496006DA3B4 /* SingleImageViewController.swift in Sources */ = {isa = PBXBuildFile; fileRef = CE812AB92D086496006DA3B4 /* SingleImageViewController.swift */; };
		CE8EE4042CEF891600288074 /* AppDelegate.swift in Sources */ = {isa = PBXBuildFile; fileRef = CE8EE4032CEF891600288074 /* AppDelegate.swift */; };
		CE8EE4062CEF891600288074 /* SceneDelegate.swift in Sources */ = {isa = PBXBuildFile; fileRef = CE8EE4052CEF891600288074 /* SceneDelegate.swift */; };
		CE8EE4082CEF891600288074 /* ImagesListViewController.swift in Sources */ = {isa = PBXBuildFile; fileRef = CE8EE4072CEF891600288074 /* ImagesListViewController.swift */; };
		CE8EE40B2CEF891600288074 /* Base in Resources */ = {isa = PBXBuildFile; fileRef = CE8EE40A2CEF891600288074 /* Base */; };
		CE8EE40D2CEF891800288074 /* Assets.xcassets in Resources */ = {isa = PBXBuildFile; fileRef = CE8EE40C2CEF891800288074 /* Assets.xcassets */; };
		CE8EE4102CEF891800288074 /* Base in Resources */ = {isa = PBXBuildFile; fileRef = CE8EE40F2CEF891800288074 /* Base */; };
		CEAD7ADE2D2E876800295720 /* ProgressHUD in Frameworks */ = {isa = PBXBuildFile; productRef = CEAD7ADD2D2E876800295720 /* ProgressHUD */; };
		CEBB7A6F2D133197002EFC93 /* WebViewViewController.swift in Sources */ = {isa = PBXBuildFile; fileRef = CEBB7A6E2D133197002EFC93 /* WebViewViewController.swift */; };
		CEBB7A712D143BDE002EFC93 /* WebViewViewControllerDelegate.swift in Sources */ = {isa = PBXBuildFile; fileRef = CEBB7A702D143BDE002EFC93 /* WebViewViewControllerDelegate.swift */; };
		CEBB7A732D148F4E002EFC93 /* OAuth2Service.swift in Sources */ = {isa = PBXBuildFile; fileRef = CEBB7A722D148F4E002EFC93 /* OAuth2Service.swift */; };
		CEBB7A752D15D2BA002EFC93 /* URLSession+data.swift in Sources */ = {isa = PBXBuildFile; fileRef = CEBB7A742D15D2BA002EFC93 /* URLSession+data.swift */; };
		CEBB7A772D1D9E67002EFC93 /* OAuth2TokenStorage.swift in Sources */ = {isa = PBXBuildFile; fileRef = CEBB7A762D1D9E67002EFC93 /* OAuth2TokenStorage.swift */; };
		CEBB7A792D1F55A2002EFC93 /* SplashViewController.swift in Sources */ = {isa = PBXBuildFile; fileRef = CEBB7A782D1F55A2002EFC93 /* SplashViewController.swift */; };
		CED37DF22D1325FB00EC4F54 /* AuthViewController.swift in Sources */ = {isa = PBXBuildFile; fileRef = CED37DF12D1325FB00EC4F54 /* AuthViewController.swift */; };
/* End PBXBuildFile section */

/* Begin PBXFileReference section */
		CE1B6C892D2F08BF000A1BA7 /* Constants.swift */ = {isa = PBXFileReference; lastKnownFileType = sourcecode.swift; path = Constants.swift; sourceTree = "<group>"; };
		CE1B6C8B2D2F0902000A1BA7 /* UIBlockingProgressHUD.swift */ = {isa = PBXFileReference; lastKnownFileType = sourcecode.swift; path = UIBlockingProgressHUD.swift; sourceTree = "<group>"; };
		CE1B6C8D2D2F0D15000A1BA7 /* ProfileService.swift */ = {isa = PBXFileReference; lastKnownFileType = sourcecode.swift; path = ProfileService.swift; sourceTree = "<group>"; };
		CE1B6C8F2D2FFF64000A1BA7 /* ProfileImageService.swift */ = {isa = PBXFileReference; lastKnownFileType = sourcecode.swift; path = ProfileImageService.swift; sourceTree = "<group>"; };
		CE229EAE2CF208FA00333100 /* ImagesListCell.swift */ = {isa = PBXFileReference; lastKnownFileType = sourcecode.swift; path = ImagesListCell.swift; sourceTree = "<group>"; };
		CE381CBA2D034AB800E222EE /* ProfileViewController.swift */ = {isa = PBXFileReference; lastKnownFileType = sourcecode.swift; path = ProfileViewController.swift; sourceTree = "<group>"; };
		CE812AB92D086496006DA3B4 /* SingleImageViewController.swift */ = {isa = PBXFileReference; lastKnownFileType = sourcecode.swift; path = SingleImageViewController.swift; sourceTree = "<group>"; };
		CE8EE4002CEF891600288074 /* ImageFeed.app */ = {isa = PBXFileReference; explicitFileType = wrapper.application; includeInIndex = 0; path = ImageFeed.app; sourceTree = BUILT_PRODUCTS_DIR; };
		CE8EE4032CEF891600288074 /* AppDelegate.swift */ = {isa = PBXFileReference; lastKnownFileType = sourcecode.swift; path = AppDelegate.swift; sourceTree = "<group>"; };
		CE8EE4052CEF891600288074 /* SceneDelegate.swift */ = {isa = PBXFileReference; lastKnownFileType = sourcecode.swift; path = SceneDelegate.swift; sourceTree = "<group>"; };
		CE8EE4072CEF891600288074 /* ImagesListViewController.swift */ = {isa = PBXFileReference; lastKnownFileType = sourcecode.swift; path = ImagesListViewController.swift; sourceTree = "<group>"; };
		CE8EE40A2CEF891600288074 /* Base */ = {isa = PBXFileReference; lastKnownFileType = file.storyboard; name = Base; path = Base.lproj/Main.storyboard; sourceTree = "<group>"; };
		CE8EE40C2CEF891800288074 /* Assets.xcassets */ = {isa = PBXFileReference; lastKnownFileType = folder.assetcatalog; path = Assets.xcassets; sourceTree = "<group>"; };
		CE8EE40F2CEF891800288074 /* Base */ = {isa = PBXFileReference; lastKnownFileType = file.storyboard; name = Base; path = Base.lproj/LaunchScreen.storyboard; sourceTree = "<group>"; };
		CE8EE4112CEF891800288074 /* Info.plist */ = {isa = PBXFileReference; lastKnownFileType = text.plist.xml; path = Info.plist; sourceTree = "<group>"; };
		CEBB7A6E2D133197002EFC93 /* WebViewViewController.swift */ = {isa = PBXFileReference; lastKnownFileType = sourcecode.swift; path = WebViewViewController.swift; sourceTree = "<group>"; };
		CEBB7A702D143BDE002EFC93 /* WebViewViewControllerDelegate.swift */ = {isa = PBXFileReference; lastKnownFileType = sourcecode.swift; path = WebViewViewControllerDelegate.swift; sourceTree = "<group>"; };
		CEBB7A722D148F4E002EFC93 /* OAuth2Service.swift */ = {isa = PBXFileReference; lastKnownFileType = sourcecode.swift; path = OAuth2Service.swift; sourceTree = "<group>"; };
		CEBB7A742D15D2BA002EFC93 /* URLSession+data.swift */ = {isa = PBXFileReference; lastKnownFileType = sourcecode.swift; path = "URLSession+data.swift"; sourceTree = "<group>"; };
		CEBB7A762D1D9E67002EFC93 /* OAuth2TokenStorage.swift */ = {isa = PBXFileReference; lastKnownFileType = sourcecode.swift; path = OAuth2TokenStorage.swift; sourceTree = "<group>"; };
		CEBB7A782D1F55A2002EFC93 /* SplashViewController.swift */ = {isa = PBXFileReference; lastKnownFileType = sourcecode.swift; path = SplashViewController.swift; sourceTree = "<group>"; };
		CED37DF12D1325FB00EC4F54 /* AuthViewController.swift */ = {isa = PBXFileReference; lastKnownFileType = sourcecode.swift; path = AuthViewController.swift; sourceTree = "<group>"; };
/* End PBXFileReference section */

/* Begin PBXFrameworksBuildPhase section */
		CE8EE3FD2CEF891600288074 /* Frameworks */ = {
			isa = PBXFrameworksBuildPhase;
			buildActionMask = 2147483647;
			files = (
				CEAD7ADE2D2E876800295720 /* ProgressHUD in Frameworks */,
			);
			runOnlyForDeploymentPostprocessing = 0;
		};
/* End PBXFrameworksBuildPhase section */

/* Begin PBXGroup section */
		CE1B6C882D2F08AD000A1BA7 /* Constants */ = {
			isa = PBXGroup;
			children = (
				CE1B6C892D2F08BF000A1BA7 /* Constants.swift */,
			);
			path = Constants;
			sourceTree = "<group>";
		};
		CE229EB02CF209A500333100 /* ImagesList */ = {
			isa = PBXGroup;
			children = (
				CE8EE4072CEF891600288074 /* ImagesListViewController.swift */,
				CE229EAE2CF208FA00333100 /* ImagesListCell.swift */,
			);
			path = ImagesList;
			sourceTree = "<group>";
		};
		CE8EE3F72CEF891600288074 = {
			isa = PBXGroup;
			children = (
				CE8EE4022CEF891600288074 /* ImageFeed */,
				CE8EE4012CEF891600288074 /* Products */,
			);
			sourceTree = "<group>";
		};
		CE8EE4012CEF891600288074 /* Products */ = {
			isa = PBXGroup;
			children = (
				CE8EE4002CEF891600288074 /* ImageFeed.app */,
			);
			name = Products;
			sourceTree = "<group>";
		};
		CE8EE4022CEF891600288074 /* ImageFeed */ = {
			isa = PBXGroup;
			children = (
				CE8EE4032CEF891600288074 /* AppDelegate.swift */,
				CE8EE4052CEF891600288074 /* SceneDelegate.swift */,
				CE1B6C882D2F08AD000A1BA7 /* Constants */,
				CE229EB02CF209A500333100 /* ImagesList */,
				CEBB7A6D2D133114002EFC93 /* Auth */,
				CEAD7ADA2D273E5700295720 /* SingleImage */,
				CEAD7ADB2D273E6F00295720 /* Profile */,
				CEBB7A7A2D1F55AA002EFC93 /* Splash */,
				CEBB7A7B2D1F585E002EFC93 /* OAuth */,
				CEBB7A742D15D2BA002EFC93 /* URLSession+data.swift */,
				CE1B6C8B2D2F0902000A1BA7 /* UIBlockingProgressHUD.swift */,
				CE1B6C8D2D2F0D15000A1BA7 /* ProfileService.swift */,
				CE1B6C8F2D2FFF64000A1BA7 /* ProfileImageService.swift */,
				CE8EE40C2CEF891800288074 /* Assets.xcassets */,
				CE8EE4092CEF891600288074 /* Main.storyboard */,
				CE8EE40E2CEF891800288074 /* LaunchScreen.storyboard */,
				CE8EE4112CEF891800288074 /* Info.plist */,
			);
			path = ImageFeed;
			sourceTree = "<group>";
		};
		CEAD7ADA2D273E5700295720 /* SingleImage */ = {
			isa = PBXGroup;
			children = (
				CE812AB92D086496006DA3B4 /* SingleImageViewController.swift */,
			);
			path = SingleImage;
			sourceTree = "<group>";
		};
		CEAD7ADB2D273E6F00295720 /* Profile */ = {
			isa = PBXGroup;
			children = (
				CE381CBA2D034AB800E222EE /* ProfileViewController.swift */,
			);
			path = Profile;
			sourceTree = "<group>";
		};
		CEBB7A6D2D133114002EFC93 /* Auth */ = {
			isa = PBXGroup;
			children = (
				CED37DF12D1325FB00EC4F54 /* AuthViewController.swift */,
				CEBB7A6E2D133197002EFC93 /* WebViewViewController.swift */,
				CEBB7A702D143BDE002EFC93 /* WebViewViewControllerDelegate.swift */,
			);
			path = Auth;
			sourceTree = "<group>";
		};
		CEBB7A7A2D1F55AA002EFC93 /* Splash */ = {
			isa = PBXGroup;
			children = (
				CEBB7A782D1F55A2002EFC93 /* SplashViewController.swift */,
			);
			path = Splash;
			sourceTree = "<group>";
		};
		CEBB7A7B2D1F585E002EFC93 /* OAuth */ = {
			isa = PBXGroup;
			children = (
				CEBB7A722D148F4E002EFC93 /* OAuth2Service.swift */,
				CEBB7A762D1D9E67002EFC93 /* OAuth2TokenStorage.swift */,
			);
			path = OAuth;
			sourceTree = "<group>";
		};
/* End PBXGroup section */

/* Begin PBXNativeTarget section */
		CE8EE3FF2CEF891600288074 /* ImageFeed */ = {
			isa = PBXNativeTarget;
			buildConfigurationList = CE8EE4142CEF891800288074 /* Build configuration list for PBXNativeTarget "ImageFeed" */;
			buildPhases = (
				CE8EE3FC2CEF891600288074 /* Sources */,
				CE8EE3FD2CEF891600288074 /* Frameworks */,
				CE8EE3FE2CEF891600288074 /* Resources */,
			);
			buildRules = (
			);
			dependencies = (
			);
			name = ImageFeed;
			packageProductDependencies = (
				CEAD7ADD2D2E876800295720 /* ProgressHUD */,
			);
			productName = ImageFeed;
			productReference = CE8EE4002CEF891600288074 /* ImageFeed.app */;
			productType = "com.apple.product-type.application";
		};
/* End PBXNativeTarget section */

/* Begin PBXProject section */
		CE8EE3F82CEF891600288074 /* Project object */ = {
			isa = PBXProject;
			attributes = {
				BuildIndependentTargetsInParallel = 1;
				LastSwiftUpdateCheck = 1540;
				LastUpgradeCheck = 1540;
				TargetAttributes = {
					CE8EE3FF2CEF891600288074 = {
						CreatedOnToolsVersion = 15.4;
					};
				};
			};
			buildConfigurationList = CE8EE3FB2CEF891600288074 /* Build configuration list for PBXProject "ImageFeed" */;
			compatibilityVersion = "Xcode 14.0";
			developmentRegion = en;
			hasScannedForEncodings = 0;
			knownRegions = (
				en,
				Base,
			);
			mainGroup = CE8EE3F72CEF891600288074;
			packageReferences = (
				CEAD7ADC2D2E876800295720 /* XCRemoteSwiftPackageReference "ProgressHUD" */,
			);
			productRefGroup = CE8EE4012CEF891600288074 /* Products */;
			projectDirPath = "";
			projectRoot = "";
			targets = (
				CE8EE3FF2CEF891600288074 /* ImageFeed */,
			);
		};
/* End PBXProject section */

/* Begin PBXResourcesBuildPhase section */
		CE8EE3FE2CEF891600288074 /* Resources */ = {
			isa = PBXResourcesBuildPhase;
			buildActionMask = 2147483647;
			files = (
				CE8EE40D2CEF891800288074 /* Assets.xcassets in Resources */,
				CE8EE4102CEF891800288074 /* Base in Resources */,
				CE8EE40B2CEF891600288074 /* Base in Resources */,
				CE65C1192CF2A25D009C8669 /* Main.storyboard in Resources */,
			);
			runOnlyForDeploymentPostprocessing = 0;
		};
/* End PBXResourcesBuildPhase section */

/* Begin PBXSourcesBuildPhase section */
		CE8EE3FC2CEF891600288074 /* Sources */ = {
			isa = PBXSourcesBuildPhase;
			buildActionMask = 2147483647;
			files = (
				CE8EE4082CEF891600288074 /* ImagesListViewController.swift in Sources */,
				CE1B6C8E2D2F0D15000A1BA7 /* ProfileService.swift in Sources */,
				CEBB7A712D143BDE002EFC93 /* WebViewViewControllerDelegate.swift in Sources */,
				CE229EAF2CF208FA00333100 /* ImagesListCell.swift in Sources */,
				CE381CBB2D034AB800E222EE /* ProfileViewController.swift in Sources */,
				CEBB7A732D148F4E002EFC93 /* OAuth2Service.swift in Sources */,
				CE1B6C902D2FFF64000A1BA7 /* ProfileImageService.swift in Sources */,
				CE1B6C8A2D2F08BF000A1BA7 /* Constants.swift in Sources */,
				CEBB7A792D1F55A2002EFC93 /* SplashViewController.swift in Sources */,
				CED37DF22D1325FB00EC4F54 /* AuthViewController.swift in Sources */,
				CE1B6C8C2D2F0902000A1BA7 /* UIBlockingProgressHUD.swift in Sources */,
				CE8EE4042CEF891600288074 /* AppDelegate.swift in Sources */,
				CEBB7A752D15D2BA002EFC93 /* URLSession+data.swift in Sources */,
				CE812ABA2D086496006DA3B4 /* SingleImageViewController.swift in Sources */,
				CEBB7A6F2D133197002EFC93 /* WebViewViewController.swift in Sources */,
				CEBB7A772D1D9E67002EFC93 /* OAuth2TokenStorage.swift in Sources */,
				CE8EE4062CEF891600288074 /* SceneDelegate.swift in Sources */,
			);
			runOnlyForDeploymentPostprocessing = 0;
		};
/* End PBXSourcesBuildPhase section */

/* Begin PBXVariantGroup section */
		CE8EE4092CEF891600288074 /* Main.storyboard */ = {
			isa = PBXVariantGroup;
			children = (
				CE8EE40A2CEF891600288074 /* Base */,
			);
			name = Main.storyboard;
			sourceTree = "<group>";
		};
		CE8EE40E2CEF891800288074 /* LaunchScreen.storyboard */ = {
			isa = PBXVariantGroup;
			children = (
				CE8EE40F2CEF891800288074 /* Base */,
			);
			name = LaunchScreen.storyboard;
			sourceTree = "<group>";
		};
/* End PBXVariantGroup section */

/* Begin XCBuildConfiguration section */
		CE8EE4122CEF891800288074 /* Debug */ = {
			isa = XCBuildConfiguration;
			buildSettings = {
				ALWAYS_SEARCH_USER_PATHS = NO;
				ASSETCATALOG_COMPILER_GENERATE_SWIFT_ASSET_SYMBOL_EXTENSIONS = YES;
				CLANG_ANALYZER_NONNULL = YES;
				CLANG_ANALYZER_NUMBER_OBJECT_CONVERSION = YES_AGGRESSIVE;
				CLANG_CXX_LANGUAGE_STANDARD = "gnu++20";
				CLANG_ENABLE_MODULES = YES;
				CLANG_ENABLE_OBJC_ARC = YES;
				CLANG_ENABLE_OBJC_WEAK = YES;
				CLANG_WARN_BLOCK_CAPTURE_AUTORELEASING = YES;
				CLANG_WARN_BOOL_CONVERSION = YES;
				CLANG_WARN_COMMA = YES;
				CLANG_WARN_CONSTANT_CONVERSION = YES;
				CLANG_WARN_DEPRECATED_OBJC_IMPLEMENTATIONS = YES;
				CLANG_WARN_DIRECT_OBJC_ISA_USAGE = YES_ERROR;
				CLANG_WARN_DOCUMENTATION_COMMENTS = YES;
				CLANG_WARN_EMPTY_BODY = YES;
				CLANG_WARN_ENUM_CONVERSION = YES;
				CLANG_WARN_INFINITE_RECURSION = YES;
				CLANG_WARN_INT_CONVERSION = YES;
				CLANG_WARN_NON_LITERAL_NULL_CONVERSION = YES;
				CLANG_WARN_OBJC_IMPLICIT_RETAIN_SELF = YES;
				CLANG_WARN_OBJC_LITERAL_CONVERSION = YES;
				CLANG_WARN_OBJC_ROOT_CLASS = YES_ERROR;
				CLANG_WARN_QUOTED_INCLUDE_IN_FRAMEWORK_HEADER = YES;
				CLANG_WARN_RANGE_LOOP_ANALYSIS = YES;
				CLANG_WARN_STRICT_PROTOTYPES = YES;
				CLANG_WARN_SUSPICIOUS_MOVE = YES;
				CLANG_WARN_UNGUARDED_AVAILABILITY = YES_AGGRESSIVE;
				CLANG_WARN_UNREACHABLE_CODE = YES;
				CLANG_WARN__DUPLICATE_METHOD_MATCH = YES;
				COPY_PHASE_STRIP = NO;
				DEBUG_INFORMATION_FORMAT = dwarf;
				ENABLE_STRICT_OBJC_MSGSEND = YES;
				ENABLE_TESTABILITY = YES;
				ENABLE_USER_SCRIPT_SANDBOXING = YES;
				GCC_C_LANGUAGE_STANDARD = gnu17;
				GCC_DYNAMIC_NO_PIC = NO;
				GCC_NO_COMMON_BLOCKS = YES;
				GCC_OPTIMIZATION_LEVEL = 0;
				GCC_PREPROCESSOR_DEFINITIONS = (
					"DEBUG=1",
					"$(inherited)",
				);
				GCC_WARN_64_TO_32_BIT_CONVERSION = YES;
				GCC_WARN_ABOUT_RETURN_TYPE = YES_ERROR;
				GCC_WARN_UNDECLARED_SELECTOR = YES;
				GCC_WARN_UNINITIALIZED_AUTOS = YES_AGGRESSIVE;
				GCC_WARN_UNUSED_FUNCTION = YES;
				GCC_WARN_UNUSED_VARIABLE = YES;
				IPHONEOS_DEPLOYMENT_TARGET = 17.5;
				LOCALIZATION_PREFERS_STRING_CATALOGS = YES;
				MTL_ENABLE_DEBUG_INFO = INCLUDE_SOURCE;
				MTL_FAST_MATH = YES;
				ONLY_ACTIVE_ARCH = YES;
				SDKROOT = iphoneos;
				SWIFT_ACTIVE_COMPILATION_CONDITIONS = "DEBUG $(inherited)";
				SWIFT_OPTIMIZATION_LEVEL = "-Onone";
			};
			name = Debug;
		};
		CE8EE4132CEF891800288074 /* Release */ = {
			isa = XCBuildConfiguration;
			buildSettings = {
				ALWAYS_SEARCH_USER_PATHS = NO;
				ASSETCATALOG_COMPILER_GENERATE_SWIFT_ASSET_SYMBOL_EXTENSIONS = YES;
				CLANG_ANALYZER_NONNULL = YES;
				CLANG_ANALYZER_NUMBER_OBJECT_CONVERSION = YES_AGGRESSIVE;
				CLANG_CXX_LANGUAGE_STANDARD = "gnu++20";
				CLANG_ENABLE_MODULES = YES;
				CLANG_ENABLE_OBJC_ARC = YES;
				CLANG_ENABLE_OBJC_WEAK = YES;
				CLANG_WARN_BLOCK_CAPTURE_AUTORELEASING = YES;
				CLANG_WARN_BOOL_CONVERSION = YES;
				CLANG_WARN_COMMA = YES;
				CLANG_WARN_CONSTANT_CONVERSION = YES;
				CLANG_WARN_DEPRECATED_OBJC_IMPLEMENTATIONS = YES;
				CLANG_WARN_DIRECT_OBJC_ISA_USAGE = YES_ERROR;
				CLANG_WARN_DOCUMENTATION_COMMENTS = YES;
				CLANG_WARN_EMPTY_BODY = YES;
				CLANG_WARN_ENUM_CONVERSION = YES;
				CLANG_WARN_INFINITE_RECURSION = YES;
				CLANG_WARN_INT_CONVERSION = YES;
				CLANG_WARN_NON_LITERAL_NULL_CONVERSION = YES;
				CLANG_WARN_OBJC_IMPLICIT_RETAIN_SELF = YES;
				CLANG_WARN_OBJC_LITERAL_CONVERSION = YES;
				CLANG_WARN_OBJC_ROOT_CLASS = YES_ERROR;
				CLANG_WARN_QUOTED_INCLUDE_IN_FRAMEWORK_HEADER = YES;
				CLANG_WARN_RANGE_LOOP_ANALYSIS = YES;
				CLANG_WARN_STRICT_PROTOTYPES = YES;
				CLANG_WARN_SUSPICIOUS_MOVE = YES;
				CLANG_WARN_UNGUARDED_AVAILABILITY = YES_AGGRESSIVE;
				CLANG_WARN_UNREACHABLE_CODE = YES;
				CLANG_WARN__DUPLICATE_METHOD_MATCH = YES;
				COPY_PHASE_STRIP = NO;
				DEBUG_INFORMATION_FORMAT = "dwarf-with-dsym";
				ENABLE_NS_ASSERTIONS = NO;
				ENABLE_STRICT_OBJC_MSGSEND = YES;
				ENABLE_USER_SCRIPT_SANDBOXING = YES;
				GCC_C_LANGUAGE_STANDARD = gnu17;
				GCC_NO_COMMON_BLOCKS = YES;
				GCC_WARN_64_TO_32_BIT_CONVERSION = YES;
				GCC_WARN_ABOUT_RETURN_TYPE = YES_ERROR;
				GCC_WARN_UNDECLARED_SELECTOR = YES;
				GCC_WARN_UNINITIALIZED_AUTOS = YES_AGGRESSIVE;
				GCC_WARN_UNUSED_FUNCTION = YES;
				GCC_WARN_UNUSED_VARIABLE = YES;
				IPHONEOS_DEPLOYMENT_TARGET = 17.5;
				LOCALIZATION_PREFERS_STRING_CATALOGS = YES;
				MTL_ENABLE_DEBUG_INFO = NO;
				MTL_FAST_MATH = YES;
				SDKROOT = iphoneos;
				SWIFT_COMPILATION_MODE = wholemodule;
				VALIDATE_PRODUCT = YES;
			};
			name = Release;
		};
		CE8EE4152CEF891800288074 /* Debug */ = {
			isa = XCBuildConfiguration;
			buildSettings = {
				ASSETCATALOG_COMPILER_APPICON_NAME = AppIcon;
				ASSETCATALOG_COMPILER_GLOBAL_ACCENT_COLOR_NAME = AccentColor;
				CODE_SIGN_STYLE = Automatic;
				CURRENT_PROJECT_VERSION = 1;
				DEVELOPMENT_TEAM = 3669X7VCBS;
				GENERATE_INFOPLIST_FILE = YES;
				INFOPLIST_FILE = ImageFeed/Info.plist;
				INFOPLIST_KEY_UIApplicationSupportsIndirectInputEvents = YES;
				INFOPLIST_KEY_UILaunchStoryboardName = LaunchScreen;
				INFOPLIST_KEY_UIMainStoryboardFile = Main;
				INFOPLIST_KEY_UISupportedInterfaceOrientations = UIInterfaceOrientationPortrait;
				INFOPLIST_KEY_UISupportedInterfaceOrientations_iPad = UIInterfaceOrientationPortrait;
				IPHONEOS_DEPLOYMENT_TARGET = 13.0;
				LD_RUNPATH_SEARCH_PATHS = (
					"$(inherited)",
					"@executable_path/Frameworks",
				);
				MARKETING_VERSION = 1.0;
				PRODUCT_BUNDLE_IDENTIFIER = ru.lmazulova.ImageFeed;
				PRODUCT_NAME = "$(TARGET_NAME)";
				SUPPORTED_PLATFORMS = "iphoneos iphonesimulator";
				SUPPORTS_MACCATALYST = NO;
				SUPPORTS_MAC_DESIGNED_FOR_IPHONE_IPAD = NO;
				SUPPORTS_XR_DESIGNED_FOR_IPHONE_IPAD = NO;
				SWIFT_EMIT_LOC_STRINGS = YES;
				SWIFT_VERSION = 5.0;
				TARGETED_DEVICE_FAMILY = 1;
			};
			name = Debug;
		};
		CE8EE4162CEF891800288074 /* Release */ = {
			isa = XCBuildConfiguration;
			buildSettings = {
				ASSETCATALOG_COMPILER_APPICON_NAME = AppIcon;
				ASSETCATALOG_COMPILER_GLOBAL_ACCENT_COLOR_NAME = AccentColor;
				CODE_SIGN_STYLE = Automatic;
				CURRENT_PROJECT_VERSION = 1;
				DEVELOPMENT_TEAM = 3669X7VCBS;
				GENERATE_INFOPLIST_FILE = YES;
				INFOPLIST_FILE = ImageFeed/Info.plist;
				INFOPLIST_KEY_UIApplicationSupportsIndirectInputEvents = YES;
				INFOPLIST_KEY_UILaunchStoryboardName = LaunchScreen;
				INFOPLIST_KEY_UIMainStoryboardFile = Main;
				INFOPLIST_KEY_UISupportedInterfaceOrientations = UIInterfaceOrientationPortrait;
				INFOPLIST_KEY_UISupportedInterfaceOrientations_iPad = UIInterfaceOrientationPortrait;
				IPHONEOS_DEPLOYMENT_TARGET = 13.0;
				LD_RUNPATH_SEARCH_PATHS = (
					"$(inherited)",
					"@executable_path/Frameworks",
				);
				MARKETING_VERSION = 1.0;
				PRODUCT_BUNDLE_IDENTIFIER = ru.lmazulova.ImageFeed;
				PRODUCT_NAME = "$(TARGET_NAME)";
				SUPPORTED_PLATFORMS = "iphoneos iphonesimulator";
				SUPPORTS_MACCATALYST = NO;
				SUPPORTS_MAC_DESIGNED_FOR_IPHONE_IPAD = NO;
				SUPPORTS_XR_DESIGNED_FOR_IPHONE_IPAD = NO;
				SWIFT_EMIT_LOC_STRINGS = YES;
				SWIFT_VERSION = 5.0;
				TARGETED_DEVICE_FAMILY = 1;
			};
			name = Release;
		};
/* End XCBuildConfiguration section */

/* Begin XCConfigurationList section */
		CE8EE3FB2CEF891600288074 /* Build configuration list for PBXProject "ImageFeed" */ = {
			isa = XCConfigurationList;
			buildConfigurations = (
				CE8EE4122CEF891800288074 /* Debug */,
				CE8EE4132CEF891800288074 /* Release */,
			);
			defaultConfigurationIsVisible = 0;
			defaultConfigurationName = Release;
		};
		CE8EE4142CEF891800288074 /* Build configuration list for PBXNativeTarget "ImageFeed" */ = {
			isa = XCConfigurationList;
			buildConfigurations = (
				CE8EE4152CEF891800288074 /* Debug */,
				CE8EE4162CEF891800288074 /* Release */,
			);
			defaultConfigurationIsVisible = 0;
			defaultConfigurationName = Release;
		};
/* End XCConfigurationList section */

/* Begin XCRemoteSwiftPackageReference section */
		CEAD7ADC2D2E876800295720 /* XCRemoteSwiftPackageReference "ProgressHUD" */ = {
			isa = XCRemoteSwiftPackageReference;
			repositoryURL = "https://github.com/relatedcode/ProgressHUD";
			requirement = {
				kind = exactVersion;
				version = 14.1.1;
			};
		};
/* End XCRemoteSwiftPackageReference section */

/* Begin XCSwiftPackageProductDependency section */
		CEAD7ADD2D2E876800295720 /* ProgressHUD */ = {
			isa = XCSwiftPackageProductDependency;
			package = CEAD7ADC2D2E876800295720 /* XCRemoteSwiftPackageReference "ProgressHUD" */;
			productName = ProgressHUD;
		};
/* End XCSwiftPackageProductDependency section */
	};
	rootObject = CE8EE3F82CEF891600288074 /* Project object */;
}
